
Microsoft Visual Studio Solution File, Format Version 12.00
# Visual Studio 14
VisualStudioVersion = 14.0.24720.0
MinimumVisualStudioVersion = 10.0.40219.1
Project("{FAE04EC0-301F-11D3-BF4B-00C04F79EFBC}") = "fhu-socialclub-app", "fhu-socialclub-app\fhu-socialclub-app.csproj", "{FFDFC6BD-0845-4509-993E-4B70FDF2470E}"
EndProject
Global
	GlobalSection(SolutionConfigurationPlatforms) = preSolution
		Debug|Any CPU = Debug|Any CPU
		Release|Any CPU = Release|Any CPU
	EndGlobalSection
	GlobalSection(ProjectConfigurationPlatforms) = postSolution
		{FFDFC6BD-0845-4509-993E-4B70FDF2470E}.Debug|Any CPU.ActiveCfg = Debug|Any CPU
		{FFDFC6BD-0845-4509-993E-4B70FDF2470E}.Debug|Any CPU.Build.0 = Debug|Any CPU
		{FFDFC6BD-0845-4509-993E-4B70FDF2470E}.Release|Any CPU.ActiveCfg = Release|Any CPU
		{FFDFC6BD-0845-4509-993E-4B70FDF2470E}.Release|Any CPU.Build.0 = Release|Any CPU
	EndGlobalSection
	GlobalSection(SolutionProperties) = preSolution
		HideSolutionNode = FALSE
	EndGlobalSection
EndGlobal
